// !$*UTF8*$!
{
	archiveVersion = 1;
	classes = {
	};
	objectVersion = 50;
	objects = {

/* Begin PBXBuildFile section */
		3F192B402194249000145A23 /* DSDelegatePV.swift in Sources */ = {isa = PBXBuildFile; fileRef = 3F192B3F2194249000145A23 /* DSDelegatePV.swift */; };
		3F192B422194276A00145A23 /* GalgjeController.swift in Sources */ = {isa = PBXBuildFile; fileRef = 3F192B412194276A00145A23 /* GalgjeController.swift */; };
		3F192B512194358D00145A23 /* galgje.jpg in Resources */ = {isa = PBXBuildFile; fileRef = 3F192B442194358D00145A23 /* galgje.jpg */; };
		3F192B522194358D00145A23 /* galgje1.png in Resources */ = {isa = PBXBuildFile; fileRef = 3F192B452194358D00145A23 /* galgje1.png */; };
		3F192B532194358D00145A23 /* galgje10.png in Resources */ = {isa = PBXBuildFile; fileRef = 3F192B462194358D00145A23 /* galgje10.png */; };
		3F192B542194358D00145A23 /* galgje11.png in Resources */ = {isa = PBXBuildFile; fileRef = 3F192B472194358D00145A23 /* galgje11.png */; };
		3F192B552194358D00145A23 /* galgje2.png in Resources */ = {isa = PBXBuildFile; fileRef = 3F192B482194358D00145A23 /* galgje2.png */; };
		3F192B562194358D00145A23 /* galgje3.png in Resources */ = {isa = PBXBuildFile; fileRef = 3F192B492194358D00145A23 /* galgje3.png */; };
		3F192B572194358D00145A23 /* galgje4.png in Resources */ = {isa = PBXBuildFile; fileRef = 3F192B4A2194358D00145A23 /* galgje4.png */; };
		3F192B582194358D00145A23 /* galgje5.png in Resources */ = {isa = PBXBuildFile; fileRef = 3F192B4B2194358D00145A23 /* galgje5.png */; };
		3F192B592194358D00145A23 /* galgje6.png in Resources */ = {isa = PBXBuildFile; fileRef = 3F192B4C2194358D00145A23 /* galgje6.png */; };
		3F192B5A2194358D00145A23 /* galgje7.png in Resources */ = {isa = PBXBuildFile; fileRef = 3F192B4D2194358D00145A23 /* galgje7.png */; };
		3F192B5B2194358D00145A23 /* galgje8.png in Resources */ = {isa = PBXBuildFile; fileRef = 3F192B4E2194358D00145A23 /* galgje8.png */; };
		3F192B5C2194358D00145A23 /* galgje9.png in Resources */ = {isa = PBXBuildFile; fileRef = 3F192B4F2194358D00145A23 /* galgje9.png */; };
		3F192B5D2194358D00145A23 /* start.png in Resources */ = {isa = PBXBuildFile; fileRef = 3F192B502194358D00145A23 /* start.png */; };
		3F192B5F2194376E00145A23 /* galgje0.png in Resources */ = {isa = PBXBuildFile; fileRef = 3F192B5E2194376E00145A23 /* galgje0.png */; };
		3FF4F1F62178760300E53DAE /* AppDelegate.swift in Sources */ = {isa = PBXBuildFile; fileRef = 3FF4F1F52178760300E53DAE /* AppDelegate.swift */; };
		3FF4F1F82178760300E53DAE /* ViewController.swift in Sources */ = {isa = PBXBuildFile; fileRef = 3FF4F1F72178760300E53DAE /* ViewController.swift */; };
		3FF4F1FB2178760300E53DAE /* Main.storyboard in Resources */ = {isa = PBXBuildFile; fileRef = 3FF4F1F92178760300E53DAE /* Main.storyboard */; };
		3FF4F1FD2178761400E53DAE /* Assets.xcassets in Resources */ = {isa = PBXBuildFile; fileRef = 3FF4F1FC2178761400E53DAE /* Assets.xcassets */; };
		3FF4F2002178761400E53DAE /* LaunchScreen.storyboard in Resources */ = {isa = PBXBuildFile; fileRef = 3FF4F1FE2178761400E53DAE /* LaunchScreen.storyboard */; };
/* End PBXBuildFile section */

/* Begin PBXFileReference section */
		3F192B3F2194249000145A23 /* DSDelegatePV.swift */ = {isa = PBXFileReference; lastKnownFileType = sourcecode.swift; path = DSDelegatePV.swift; sourceTree = "<group>"; };
		3F192B412194276A00145A23 /* GalgjeController.swift */ = {isa = PBXFileReference; lastKnownFileType = sourcecode.swift; path = GalgjeController.swift; sourceTree = "<group>"; };
		3F192B442194358D00145A23 /* galgje.jpg */ = {isa = PBXFileReference; lastKnownFileType = image.jpeg; path = galgje.jpg; sourceTree = "<group>"; };
		3F192B452194358D00145A23 /* galgje1.png */ = {isa = PBXFileReference; lastKnownFileType = image.png; path = galgje1.png; sourceTree = "<group>"; };
		3F192B462194358D00145A23 /* galgje10.png */ = {isa = PBXFileReference; lastKnownFileType = image.png; path = galgje10.png; sourceTree = "<group>"; };
		3F192B472194358D00145A23 /* galgje11.png */ = {isa = PBXFileReference; lastKnownFileType = image.png; path = galgje11.png; sourceTree = "<group>"; };
		3F192B482194358D00145A23 /* galgje2.png */ = {isa = PBXFileReference; lastKnownFileType = image.png; path = galgje2.png; sourceTree = "<group>"; };
		3F192B492194358D00145A23 /* galgje3.png */ = {isa = PBXFileReference; lastKnownFileType = image.png; path = galgje3.png; sourceTree = "<group>"; };
		3F192B4A2194358D00145A23 /* galgje4.png */ = {isa = PBXFileReference; lastKnownFileType = image.png; path = galgje4.png; sourceTree = "<group>"; };
		3F192B4B2194358D00145A23 /* galgje5.png */ = {isa = PBXFileReference; lastKnownFileType = image.png; path = galgje5.png; sourceTree = "<group>"; };
		3F192B4C2194358D00145A23 /* galgje6.png */ = {isa = PBXFileReference; lastKnownFileType = image.png; path = galgje6.png; sourceTree = "<group>"; };
		3F192B4D2194358D00145A23 /* galgje7.png */ = {isa = PBXFileReference; lastKnownFileType = image.png; path = galgje7.png; sourceTree = "<group>"; };
		3F192B4E2194358D00145A23 /* galgje8.png */ = {isa = PBXFileReference; lastKnownFileType = image.png; path = galgje8.png; sourceTree = "<group>"; };
		3F192B4F2194358D00145A23 /* galgje9.png */ = {isa = PBXFileReference; lastKnownFileType = image.png; path = galgje9.png; sourceTree = "<group>"; };
		3F192B502194358D00145A23 /* start.png */ = {isa = PBXFileReference; lastKnownFileType = image.png; path = start.png; sourceTree = "<group>"; };
		3F192B5E2194376E00145A23 /* galgje0.png */ = {isa = PBXFileReference; lastKnownFileType = image.png; path = galgje0.png; sourceTree = "<group>"; };
		3FF4F1F22178760300E53DAE /* Opdracht5_galgje.app */ = {isa = PBXFileReference; explicitFileType = wrapper.application; includeInIndex = 0; path = Opdracht5_galgje.app; sourceTree = BUILT_PRODUCTS_DIR; };
		3FF4F1F52178760300E53DAE /* AppDelegate.swift */ = {isa = PBXFileReference; lastKnownFileType = sourcecode.swift; path = AppDelegate.swift; sourceTree = "<group>"; };
		3FF4F1F72178760300E53DAE /* ViewController.swift */ = {isa = PBXFileReference; lastKnownFileType = sourcecode.swift; path = ViewController.swift; sourceTree = "<group>"; };
		3FF4F1FA2178760300E53DAE /* Base */ = {isa = PBXFileReference; lastKnownFileType = file.storyboard; name = Base; path = Base.lproj/Main.storyboard; sourceTree = "<group>"; };
		3FF4F1FC2178761400E53DAE /* Assets.xcassets */ = {isa = PBXFileReference; lastKnownFileType = folder.assetcatalog; path = Assets.xcassets; sourceTree = "<group>"; };
		3FF4F1FF2178761400E53DAE /* Base */ = {isa = PBXFileReference; lastKnownFileType = file.storyboard; name = Base; path = Base.lproj/LaunchScreen.storyboard; sourceTree = "<group>"; };
		3FF4F2012178761400E53DAE /* Info.plist */ = {isa = PBXFileReference; lastKnownFileType = text.plist.xml; path = Info.plist; sourceTree = "<group>"; };
/* End PBXFileReference section */

/* Begin PBXFrameworksBuildPhase section */
		3FF4F1EF2178760300E53DAE /* Frameworks */ = {
			isa = PBXFrameworksBuildPhase;
			buildActionMask = 2147483647;
			files = (
			);
			runOnlyForDeploymentPostprocessing = 0;
		};
/* End PBXFrameworksBuildPhase section */

/* Begin PBXGroup section */
		3F192B432194358D00145A23 /* img */ = {
			isa = PBXGroup;
			children = (
				3F192B5E2194376E00145A23 /* galgje0.png */,
				3F192B442194358D00145A23 /* galgje.jpg */,
				3F192B452194358D00145A23 /* galgje1.png */,
				3F192B462194358D00145A23 /* galgje10.png */,
				3F192B472194358D00145A23 /* galgje11.png */,
				3F192B482194358D00145A23 /* galgje2.png */,
				3F192B492194358D00145A23 /* galgje3.png */,
				3F192B4A2194358D00145A23 /* galgje4.png */,
				3F192B4B2194358D00145A23 /* galgje5.png */,
				3F192B4C2194358D00145A23 /* galgje6.png */,
				3F192B4D2194358D00145A23 /* galgje7.png */,
				3F192B4E2194358D00145A23 /* galgje8.png */,
				3F192B4F2194358D00145A23 /* galgje9.png */,
				3F192B502194358D00145A23 /* start.png */,
			);
			path = img;
			sourceTree = "<group>";
		};
		3FF4F1E92178760300E53DAE = {
			isa = PBXGroup;
			children = (
				3FF4F1F42178760300E53DAE /* Opdracht5_galgje */,
				3FF4F1F32178760300E53DAE /* Products */,
			);
			sourceTree = "<group>";
		};
		3FF4F1F32178760300E53DAE /* Products */ = {
			isa = PBXGroup;
			children = (
				3FF4F1F22178760300E53DAE /* Opdracht5_galgje.app */,
			);
			name = Products;
			sourceTree = "<group>";
		};
		3FF4F1F42178760300E53DAE /* Opdracht5_galgje */ = {
			isa = PBXGroup;
			children = (
				3F192B432194358D00145A23 /* img */,
				3F192B3F2194249000145A23 /* DSDelegatePV.swift */,
				3FF4F1F52178760300E53DAE /* AppDelegate.swift */,
				3FF4F1F72178760300E53DAE /* ViewController.swift */,
				3FF4F1F92178760300E53DAE /* Main.storyboard */,
				3FF4F1FC2178761400E53DAE /* Assets.xcassets */,
				3FF4F1FE2178761400E53DAE /* LaunchScreen.storyboard */,
				3FF4F2012178761400E53DAE /* Info.plist */,
				3F192B412194276A00145A23 /* GalgjeController.swift */,
			);
			path = Opdracht5_galgje;
			sourceTree = "<group>";
		};
/* End PBXGroup section */

/* Begin PBXNativeTarget section */
		3FF4F1F12178760300E53DAE /* Opdracht5_galgje */ = {
			isa = PBXNativeTarget;
			buildConfigurationList = 3FF4F2042178761400E53DAE /* Build configuration list for PBXNativeTarget "Opdracht5_galgje" */;
			buildPhases = (
				3FF4F1EE2178760300E53DAE /* Sources */,
				3FF4F1EF2178760300E53DAE /* Frameworks */,
				3FF4F1F02178760300E53DAE /* Resources */,
			);
			buildRules = (
			);
			dependencies = (
			);
			name = Opdracht5_galgje;
			productName = Opdracht5_galgje;
			productReference = 3FF4F1F22178760300E53DAE /* Opdracht5_galgje.app */;
			productType = "com.apple.product-type.application";
		};
/* End PBXNativeTarget section */

/* Begin PBXProject section */
		3FF4F1EA2178760300E53DAE /* Project object */ = {
			isa = PBXProject;
			attributes = {
				LastSwiftUpdateCheck = 1000;
				LastUpgradeCheck = 1000;
				ORGANIZATIONNAME = Vives;
				TargetAttributes = {
					3FF4F1F12178760300E53DAE = {
						CreatedOnToolsVersion = 10.0;
					};
				};
			};
			buildConfigurationList = 3FF4F1ED2178760300E53DAE /* Build configuration list for PBXProject "Opdracht5_galgje" */;
			compatibilityVersion = "Xcode 9.3";
			developmentRegion = en;
			hasScannedForEncodings = 0;
			knownRegions = (
				en,
				Base,
			);
			mainGroup = 3FF4F1E92178760300E53DAE;
			productRefGroup = 3FF4F1F32178760300E53DAE /* Products */;
			projectDirPath = "";
			projectRoot = "";
			targets = (
				3FF4F1F12178760300E53DAE /* Opdracht5_galgje */,
			);
		};
/* End PBXProject section */

/* Begin PBXResourcesBuildPhase section */
		3FF4F1F02178760300E53DAE /* Resources */ = {
			isa = PBXResourcesBuildPhase;
			buildActionMask = 2147483647;
			files = (
				3F192B562194358D00145A23 /* galgje3.png in Resources */,
				3F192B5A2194358D00145A23 /* galgje7.png in Resources */,
				3F192B542194358D00145A23 /* galgje11.png in Resources */,
				3F192B572194358D00145A23 /* galgje4.png in Resources */,
				3F192B5B2194358D00145A23 /* galgje8.png in Resources */,
				3F192B582194358D00145A23 /* galgje5.png in Resources */,
				3F192B5F2194376E00145A23 /* galgje0.png in Resources */,
				3F192B522194358D00145A23 /* galgje1.png in Resources */,
				3F192B552194358D00145A23 /* galgje2.png in Resources */,
				3F192B592194358D00145A23 /* galgje6.png in Resources */,
				3FF4F2002178761400E53DAE /* LaunchScreen.storyboard in Resources */,
				3F192B5D2194358D00145A23 /* start.png in Resources */,
				3FF4F1FD2178761400E53DAE /* Assets.xcassets in Resources */,
				3FF4F1FB2178760300E53DAE /* Main.storyboard in Resources */,
				3F192B5C2194358D00145A23 /* galgje9.png in Resources */,
				3F192B532194358D00145A23 /* galgje10.png in Resources */,
				3F192B512194358D00145A23 /* galgje.jpg in Resources */,
			);
			runOnlyForDeploymentPostprocessing = 0;
		};
/* End PBXResourcesBuildPhase section */

/* Begin PBXSourcesBuildPhase section */
		3FF4F1EE2178760300E53DAE /* Sources */ = {
			isa = PBXSourcesBuildPhase;
			buildActionMask = 2147483647;
			files = (
				3FF4F1F82178760300E53DAE /* ViewController.swift in Sources */,
				3FF4F1F62178760300E53DAE /* AppDelegate.swift in Sources */,
				3F192B402194249000145A23 /* DSDelegatePV.swift in Sources */,
				3F192B422194276A00145A23 /* GalgjeController.swift in Sources */,
			);
			runOnlyForDeploymentPostprocessing = 0;
		};
/* End PBXSourcesBuildPhase section */

/* Begin PBXVariantGroup section */
		3FF4F1F92178760300E53DAE /* Main.storyboard */ = {
			isa = PBXVariantGroup;
			children = (
				3FF4F1FA2178760300E53DAE /* Base */,
			);
			name = Main.storyboard;
			sourceTree = "<group>";
		};
		3FF4F1FE2178761400E53DAE /* LaunchScreen.storyboard */ = {
			isa = PBXVariantGroup;
			children = (
				3FF4F1FF2178761400E53DAE /* Base */,
			);
			name = LaunchScreen.storyboard;
			sourceTree = "<group>";
		};
/* End PBXVariantGroup section */

/* Begin XCBuildConfiguration section */
		3FF4F2022178761400E53DAE /* Debug */ = {
			isa = XCBuildConfiguration;
			buildSettings = {
				ALWAYS_SEARCH_USER_PATHS = NO;
				CLANG_ANALYZER_NONNULL = YES;
				CLANG_ANALYZER_NUMBER_OBJECT_CONVERSION = YES_AGGRESSIVE;
				CLANG_CXX_LANGUAGE_STANDARD = "gnu++14";
				CLANG_CXX_LIBRARY = "libc++";
				CLANG_ENABLE_MODULES = YES;
				CLANG_ENABLE_OBJC_ARC = YES;
				CLANG_ENABLE_OBJC_WEAK = YES;
				CLANG_WARN_BLOCK_CAPTURE_AUTORELEASING = YES;
				CLANG_WARN_BOOL_CONVERSION = YES;
				CLANG_WARN_COMMA = YES;
				CLANG_WARN_CONSTANT_CONVERSION = YES;
				CLANG_WARN_DEPRECATED_OBJC_IMPLEMENTATIONS = YES;
				CLANG_WARN_DIRECT_OBJC_ISA_USAGE = YES_ERROR;
				CLANG_WARN_DOCUMENTATION_COMMENTS = YES;
				CLANG_WARN_EMPTY_BODY = YES;
				CLANG_WARN_ENUM_CONVERSION = YES;
				CLANG_WARN_INFINITE_RECURSION = YES;
				CLANG_WARN_INT_CONVERSION = YES;
				CLANG_WARN_NON_LITERAL_NULL_CONVERSION = YES;
				CLANG_WARN_OBJC_IMPLICIT_RETAIN_SELF = YES;
				CLANG_WARN_OBJC_LITERAL_CONVERSION = YES;
				CLANG_WARN_OBJC_ROOT_CLASS = YES_ERROR;
				CLANG_WARN_RANGE_LOOP_ANALYSIS = YES;
				CLANG_WARN_STRICT_PROTOTYPES = YES;
				CLANG_WARN_SUSPICIOUS_MOVE = YES;
				CLANG_WARN_UNGUARDED_AVAILABILITY = YES_AGGRESSIVE;
				CLANG_WARN_UNREACHABLE_CODE = YES;
				CLANG_WARN__DUPLICATE_METHOD_MATCH = YES;
				CODE_SIGN_IDENTITY = "iPhone Developer";
				COPY_PHASE_STRIP = NO;
				DEBUG_INFORMATION_FORMAT = dwarf;
				ENABLE_STRICT_OBJC_MSGSEND = YES;
				ENABLE_TESTABILITY = YES;
				GCC_C_LANGUAGE_STANDARD = gnu11;
				GCC_DYNAMIC_NO_PIC = NO;
				GCC_NO_COMMON_BLOCKS = YES;
				GCC_OPTIMIZATION_LEVEL = 0;
				GCC_PREPROCESSOR_DEFINITIONS = (
					"DEBUG=1",
					"$(inherited)",
				);
				GCC_WARN_64_TO_32_BIT_CONVERSION = YES;
				GCC_WARN_ABOUT_RETURN_TYPE = YES_ERROR;
				GCC_WARN_UNDECLARED_SELECTOR = YES;
				GCC_WARN_UNINITIALIZED_AUTOS = YES_AGGRESSIVE;
				GCC_WARN_UNUSED_FUNCTION = YES;
				GCC_WARN_UNUSED_VARIABLE = YES;
				IPHONEOS_DEPLOYMENT_TARGET = 12.0;
				MTL_ENABLE_DEBUG_INFO = INCLUDE_SOURCE;
				MTL_FAST_MATH = YES;
				ONLY_ACTIVE_ARCH = YES;
				SDKROOT = iphoneos;
				SWIFT_ACTIVE_COMPILATION_CONDITIONS = DEBUG;
				SWIFT_OPTIMIZATION_LEVEL = "-Onone";
			};
			name = Debug;
		};
		3FF4F2032178761400E53DAE /* Release */ = {
			isa = XCBuildConfiguration;
			buildSettings = {
				ALWAYS_SEARCH_USER_PATHS = NO;
				CLANG_ANALYZER_NONNULL = YES;
				CLANG_ANALYZER_NUMBER_OBJECT_CONVERSION = YES_AGGRESSIVE;
				CLANG_CXX_LANGUAGE_STANDARD = "gnu++14";
				CLANG_CXX_LIBRARY = "libc++";
				CLANG_ENABLE_MODULES = YES;
				CLANG_ENABLE_OBJC_ARC = YES;
				CLANG_ENABLE_OBJC_WEAK = YES;
				CLANG_WARN_BLOCK_CAPTURE_AUTORELEASING = YES;
				CLANG_WARN_BOOL_CONVERSION = YES;
				CLANG_WARN_COMMA = YES;
				CLANG_WARN_CONSTANT_CONVERSION = YES;
				CLANG_WARN_DEPRECATED_OBJC_IMPLEMENTATIONS = YES;
				CLANG_WARN_DIRECT_OBJC_ISA_USAGE = YES_ERROR;
				CLANG_WARN_DOCUMENTATION_COMMENTS = YES;
				CLANG_WARN_EMPTY_BODY = YES;
				CLANG_WARN_ENUM_CONVERSION = YES;
				CLANG_WARN_INFINITE_RECURSION = YES;
				CLANG_WARN_INT_CONVERSION = YES;
				CLANG_WARN_NON_LITERAL_NULL_CONVERSION = YES;
				CLANG_WARN_OBJC_IMPLICIT_RETAIN_SELF = YES;
				CLANG_WARN_OBJC_LITERAL_CONVERSION = YES;
				CLANG_WARN_OBJC_ROOT_CLASS = YES_ERROR;
				CLANG_WARN_RANGE_LOOP_ANALYSIS = YES;
				CLANG_WARN_STRICT_PROTOTYPES = YES;
				CLANG_WARN_SUSPICIOUS_MOVE = YES;
				CLANG_WARN_UNGUARDED_AVAILABILITY = YES_AGGRESSIVE;
				CLANG_WARN_UNREACHABLE_CODE = YES;
				CLANG_WARN__DUPLICATE_METHOD_MATCH = YES;
				CODE_SIGN_IDENTITY = "iPhone Developer";
				COPY_PHASE_STRIP = NO;
				DEBUG_INFORMATION_FORMAT = "dwarf-with-dsym";
				ENABLE_NS_ASSERTIONS = NO;
				ENABLE_STRICT_OBJC_MSGSEND = YES;
				GCC_C_LANGUAGE_STANDARD = gnu11;
				GCC_NO_COMMON_BLOCKS = YES;
				GCC_WARN_64_TO_32_BIT_CONVERSION = YES;
				GCC_WARN_ABOUT_RETURN_TYPE = YES_ERROR;
				GCC_WARN_UNDECLARED_SELECTOR = YES;
				GCC_WARN_UNINITIALIZED_AUTOS = YES_AGGRESSIVE;
				GCC_WARN_UNUSED_FUNCTION = YES;
				GCC_WARN_UNUSED_VARIABLE = YES;
				IPHONEOS_DEPLOYMENT_TARGET = 12.0;
				MTL_ENABLE_DEBUG_INFO = NO;
				MTL_FAST_MATH = YES;
				SDKROOT = iphoneos;
				SWIFT_COMPILATION_MODE = wholemodule;
				SWIFT_OPTIMIZATION_LEVEL = "-O";
				VALIDATE_PRODUCT = YES;
			};
			name = Release;
		};
		3FF4F2052178761400E53DAE /* Debug */ = {
			isa = XCBuildConfiguration;
			buildSettings = {
				ASSETCATALOG_COMPILER_APPICON_NAME = AppIcon;
				CODE_SIGN_STYLE = Automatic;
				INFOPLIST_FILE = Opdracht5_galgje/Info.plist;
				LD_RUNPATH_SEARCH_PATHS = (
					"$(inherited)",
					"@executable_path/Frameworks",
				);
				PRODUCT_BUNDLE_IDENTIFIER = "margot.vandenberghe.Opdracht5-galgje";
				PRODUCT_NAME = "$(TARGET_NAME)";
				SWIFT_VERSION = 4.2;
				TARGETED_DEVICE_FAMILY = "1,2";
			};
			name = Debug;
		};
		3FF4F2062178761400E53DAE /* Release */ = {
			isa = XCBuildConfiguration;
			buildSettings = {
				ASSETCATALOG_COMPILER_APPICON_NAME = AppIcon;
				CODE_SIGN_STYLE = Automatic;
				INFOPLIST_FILE = Opdracht5_galgje/Info.plist;
				LD_RUNPATH_SEARCH_PATHS = (
					"$(inherited)",
					"@executable_path/Frameworks",
				);
				PRODUCT_BUNDLE_IDENTIFIER = "margot.vandenberghe.Opdracht5-galgje";
				PRODUCT_NAME = "$(TARGET_NAME)";
				SWIFT_VERSION = 4.2;
				TARGETED_DEVICE_FAMILY = "1,2";
			};
			name = Release;
		};
/* End XCBuildConfiguration section */

/* Begin XCConfigurationList section */
		3FF4F1ED2178760300E53DAE /* Build configuration list for PBXProject "Opdracht5_galgje" */ = {
			isa = XCConfigurationList;
			buildConfigurations = (
				3FF4F2022178761400E53DAE /* Debug */,
				3FF4F2032178761400E53DAE /* Release */,
			);
			defaultConfigurationIsVisible = 0;
			defaultConfigurationName = Release;
		};
		3FF4F2042178761400E53DAE /* Build configuration list for PBXNativeTarget "Opdracht5_galgje" */ = {
			isa = XCConfigurationList;
			buildConfigurations = (
				3FF4F2052178761400E53DAE /* Debug */,
				3FF4F2062178761400E53DAE /* Release */,
			);
			defaultConfigurationIsVisible = 0;
			defaultConfigurationName = Release;
		};
/* End XCConfigurationList section */
	};
	rootObject = 3FF4F1EA2178760300E53DAE /* Project object */;
}
